
Microsoft Visual Studio Solution File, Format Version 12.00
# Visual Studio Version 16
VisualStudioVersion = 16.0.32002.261
MinimumVisualStudioVersion = 10.0.40219.1
Project("{FAE04EC0-301F-11D3-BF4B-00C04F79EFBC}") = "PizzaProject", "PizzaProject.csproj", "{B07D1690-FC8C-4A3A-A388-44B38CBAF028}"
EndProject
Project("{FAE04EC0-301F-11D3-BF4B-00C04F79EFBC}") = "TaskAlocModel", "..\TaskAlocModel\TaskAlocModel.csproj", "{28BD9473-DADC-49E5-8576-34178200E19E}"
EndProject
Global
	GlobalSection(SolutionConfigurationPlatforms) = preSolution
		Debug|Any CPU = Debug|Any CPU
		Release|Any CPU = Release|Any CPU
	EndGlobalSection
	GlobalSection(ProjectConfigurationPlatforms) = postSolution
		{B07D1690-FC8C-4A3A-A388-44B38CBAF028}.Debug|Any CPU.ActiveCfg = Debug|Any CPU
		{B07D1690-FC8C-4A3A-A388-44B38CBAF028}.Debug|Any CPU.Build.0 = Debug|Any CPU
		{B07D1690-FC8C-4A3A-A388-44B38CBAF028}.Release|Any CPU.ActiveCfg = Release|Any CPU
		{B07D1690-FC8C-4A3A-A388-44B38CBAF028}.Release|Any CPU.Build.0 = Release|Any CPU
		{28BD9473-DADC-49E5-8576-34178200E19E}.Debug|Any CPU.ActiveCfg = Debug|Any CPU
		{28BD9473-DADC-49E5-8576-34178200E19E}.Debug|Any CPU.Build.0 = Debug|Any CPU
		{28BD9473-DADC-49E5-8576-34178200E19E}.Release|Any CPU.ActiveCfg = Release|Any CPU
		{28BD9473-DADC-49E5-8576-34178200E19E}.Release|Any CPU.Build.0 = Release|Any CPU
	EndGlobalSection
	GlobalSection(SolutionProperties) = preSolution
		HideSolutionNode = FALSE
	EndGlobalSection
	GlobalSection(ExtensibilityGlobals) = postSolution
		SolutionGuid = {A7081F35-4829-4FDA-8E9D-732943A14008}
	EndGlobalSection
EndGlobal
